
Microsoft Visual Studio Solution File, Format Version 12.00
# Visual Studio Version 17
VisualStudioVersion = 17.13.35806.99 d17.13
MinimumVisualStudioVersion = 10.0.40219.1
Project("{FAE04EC0-301F-11D3-BF4B-00C04F79EFBC}") = "L1", "L1\L1.csproj", "{A22070E2-8178-4112-AF37-F7A16B721525}"
EndProject
Project("{FAE04EC0-301F-11D3-BF4B-00C04F79EFBC}") = "tests", "tests\tests.csproj", "{B71270EE-1F21-49A3-9771-C7FE5FCE2F13}"
EndProject
Global
	GlobalSection(SolutionConfigurationPlatforms) = preSolution
		Debug|Any CPU = Debug|Any CPU
		Release|Any CPU = Release|Any CPU
	EndGlobalSection
	GlobalSection(ProjectConfigurationPlatforms) = postSolution
		{A22070E2-8178-4112-AF37-F7A16B721525}.Debug|Any CPU.ActiveCfg = Debug|Any CPU
		{A22070E2-8178-4112-AF37-F7A16B721525}.Debug|Any CPU.Build.0 = Debug|Any CPU
		{A22070E2-8178-4112-AF37-F7A16B721525}.Release|Any CPU.ActiveCfg = Release|Any CPU
		{A22070E2-8178-4112-AF37-F7A16B721525}.Release|Any CPU.Build.0 = Release|Any CPU
		{B71270EE-1F21-49A3-9771-C7FE5FCE2F13}.Debug|Any CPU.ActiveCfg = Debug|Any CPU
		{B71270EE-1F21-49A3-9771-C7FE5FCE2F13}.Debug|Any CPU.Build.0 = Debug|Any CPU
		{B71270EE-1F21-49A3-9771-C7FE5FCE2F13}.Release|Any CPU.ActiveCfg = Release|Any CPU
		{B71270EE-1F21-49A3-9771-C7FE5FCE2F13}.Release|Any CPU.Build.0 = Release|Any CPU
	EndGlobalSection
	GlobalSection(SolutionProperties) = preSolution
		HideSolutionNode = FALSE
	EndGlobalSection
	GlobalSection(ExtensibilityGlobals) = postSolution
		SolutionGuid = {D47E95C5-FFD3-4611-BA2C-03E32EFF50C9}
	EndGlobalSection
EndGlobal
